
Microsoft Visual Studio Solution File, Format Version 12.00
# Visual Studio Version 17
VisualStudioVersion = 17.7.34221.43
MinimumVisualStudioVersion = 10.0.40219.1
Project("{FAE04EC0-301F-11D3-BF4B-00C04F79EFBC}") = "CPUWindowsFormFramework", "CPUWindowsFormUtility\CPUWindowsFormFramework.csproj", "{23A20D04-FC93-4246-8E82-4D5124B7869C}"
EndProject
Global
	GlobalSection(SolutionConfigurationPlatforms) = preSolution
		Debug|Any CPU = Debug|Any CPU
		Release|Any CPU = Release|Any CPU
	EndGlobalSection
	GlobalSection(ProjectConfigurationPlatforms) = postSolution
		{23A20D04-FC93-4246-8E82-4D5124B7869C}.Debug|Any CPU.ActiveCfg = Debug|Any CPU
		{23A20D04-FC93-4246-8E82-4D5124B7869C}.Debug|Any CPU.Build.0 = Debug|Any CPU
		{23A20D04-FC93-4246-8E82-4D5124B7869C}.Release|Any CPU.ActiveCfg = Release|Any CPU
		{23A20D04-FC93-4246-8E82-4D5124B7869C}.Release|Any CPU.Build.0 = Release|Any CPU
	EndGlobalSection
	GlobalSection(SolutionProperties) = preSolution
		HideSolutionNode = FALSE
	EndGlobalSection
	GlobalSection(ExtensibilityGlobals) = postSolution
		SolutionGuid = {5E1A2A6F-CB70-4622-AD76-4240AD51BFA3}
	EndGlobalSection
EndGlobal
